<?xml version="1.0" encoding="utf-8"?>
<Project ToolsVersion="17.0" xmlns="http://schemas.microsoft.com/developer/msbuild/2003">
  <ItemGroup>
    <ClCompile Include="S:\~\Lemmings\Lemmings\Classes\AppDelegate.cpp">
      <Filter>Source Files\Classes</Filter>
    </ClCompile>
    <ClCompile Include="S:\~\Lemmings\Lemmings\Classes\HelloWorldScene.cpp">
      <Filter>Source Files\Classes</Filter>
    </ClCompile>
    <ClCompile Include="S:\~\Lemmings\Lemmings\proj.win32\main.cpp">
      <Filter>Source Files\proj.win32</Filter>
    </ClCompile>
    <ClCompile Include="S:\~\Lemmings\Lemmings\cocos2d\cocos\precheader.cpp">
      <Filter>Source Files</Filter>
    </ClCompile>
  </ItemGroup>
  <ItemGroup>
    <ClInclude Include="S:\~\Lemmings\Lemmings\Classes\AppDelegate.h">
      <Filter>Source Files\Classes</Filter>
    </ClInclude>
    <ClInclude Include="S:\~\Lemmings\Lemmings\Classes\HelloWorldScene.h">
      <Filter>Source Files\Classes</Filter>
    </ClInclude>
    <ClInclude Include="S:\~\Lemmings\Lemmings\proj.win32\main.h">
      <Filter>Source Files\proj.win32</Filter>
    </ClInclude>
    <ClInclude Include="S:\~\Lemmings\Lemmings\proj.win32\resource.h">
      <Filter>Source Files\proj.win32</Filter>
    </ClInclude>
    <ClInclude Include="S:\~\Lemmings\Lemmings\Resources\CloseNormal.png">
      <Filter>Resources</Filter>
    </ClInclude>
    <ClInclude Include="S:\~\Lemmings\Lemmings\Resources\CloseSelected.png">
      <Filter>Resources</Filter>
    </ClInclude>
    <ClInclude Include="S:\~\Lemmings\Lemmings\Resources\HelloWorld.png">
      <Filter>Resources</Filter>
    </ClInclude>
    <ClInclude Include="S:\~\Lemmings\Lemmings\Resources\fonts\Marker Felt.ttf">
      <Filter>Resources\fonts</Filter>
    </ClInclude>
    <ClInclude Include="S:\~\Lemmings\Lemmings\Resources\fonts\arial.ttf">
      <Filter>Resources\fonts</Filter>
    </ClInclude>
    <ClInclude Include="S:\~\Lemmings\Lemmings\Resources\res\.gitkeep">
      <Filter>Resources\res</Filter>
    </ClInclude>
    <ClInclude Include="S:\~\Lemmings\Lemmings\Resources\sprites\doors_and_decorations.png">
      <Filter>Resources\sprites</Filter>
    </ClInclude>
    <ClInclude Include="S:\~\Lemmings\Lemmings\Resources\sprites\lemmings.png">
      <Filter>Resources\sprites</Filter>
    </ClInclude>
    <ClInclude Include="S:\~\Lemmings\Lemmings\Resources\sprites\traps.png">
      <Filter>Resources\sprites</Filter>
    </ClInclude>
  </ItemGroup>
  <ItemGroup>
    <CustomBuild Include="S:\~\Lemmings\Lemmings\CMakeLists.txt" />
  </ItemGroup>
  <ItemGroup>
    <ResourceCompile Include="S:\~\Lemmings\Lemmings\proj.win32\game.rc">
      <Filter>Source Files\proj.win32</Filter>
    </ResourceCompile>
  </ItemGroup>
  <ItemGroup>
    <Filter Include="Resources">
      <UniqueIdentifier>{CD6DE783-E79A-3223-9F90-60551AF78F3D}</UniqueIdentifier>
    </Filter>
    <Filter Include="Resources\fonts">
      <UniqueIdentifier>{4B6EB62C-6D12-3421-8166-9C290DEEA0DC}</UniqueIdentifier>
    </Filter>
    <Filter Include="Resources\res">
      <UniqueIdentifier>{F06EDF6D-3039-3D06-A6DD-D5146171A011}</UniqueIdentifier>
    </Filter>
    <Filter Include="Resources\sprites">
      <UniqueIdentifier>{24597EE6-FDD0-383B-AD06-7BB5B3F97BB5}</UniqueIdentifier>
    </Filter>
    <Filter Include="Source Files">
      <UniqueIdentifier>{44CFCAD0-9CD1-32F6-A09D-89B06426873B}</UniqueIdentifier>
    </Filter>
    <Filter Include="Source Files\Classes">
      <UniqueIdentifier>{B394279F-D306-357A-8652-C9C16F7FD166}</UniqueIdentifier>
    </Filter>
    <Filter Include="Source Files\proj.win32">
      <UniqueIdentifier>{58B298F7-E99F-3813-9622-B05203F3A1E2}</UniqueIdentifier>
    </Filter>
  </ItemGroup>
</Project>
